// !$*UTF8*$!
{
	archiveVersion = 1;
	classes = {
	};
	objectVersion = 46;
	objects = {

/* Begin PBXBuildFile section */
		D2D84B521C67C99600B1A829 /* Parse.framework in Frameworks */ = {isa = PBXBuildFile; fileRef = D2D84B511C67C99600B1A829 /* Parse.framework */; };
		D2D84B531C67C99600B1A829 /* Parse.framework in Frameworks */ = {isa = PBXBuildFile; fileRef = D2D84B511C67C99600B1A829 /* Parse.framework */; };
		D2D84B551C67C9A000B1A829 /* Bolts.framework in Frameworks */ = {isa = PBXBuildFile; fileRef = D2D84B541C67C9A000B1A829 /* Bolts.framework */; };
		D2D84B561C67C9A000B1A829 /* Bolts.framework in Frameworks */ = {isa = PBXBuildFile; fileRef = D2D84B541C67C9A000B1A829 /* Bolts.framework */; };
		D2D84B581C67CA0600B1A829 /* AudioToolbox.framework in Frameworks */ = {isa = PBXBuildFile; fileRef = D2D84B571C67CA0600B1A829 /* AudioToolbox.framework */; };
		D2D84B5A1C67CA1600B1A829 /* CFNetwork.framework in Frameworks */ = {isa = PBXBuildFile; fileRef = D2D84B591C67CA1600B1A829 /* CFNetwork.framework */; };
		D2D84B5C1C67CA2200B1A829 /* CoreGraphics.framework in Frameworks */ = {isa = PBXBuildFile; fileRef = D2D84B5B1C67CA2200B1A829 /* CoreGraphics.framework */; };
		D2D84B631C67CA5000B1A829 /* libsqlite3.tbd in Frameworks */ = {isa = PBXBuildFile; fileRef = D2D84B5D1C67CA5000B1A829 /* libsqlite3.tbd */; };
		D2D84B641C67CA5000B1A829 /* libz.tbd in Frameworks */ = {isa = PBXBuildFile; fileRef = D2D84B5E1C67CA5000B1A829 /* libz.tbd */; };
		D2D84B651C67CA5000B1A829 /* QuartzCore.framework in Frameworks */ = {isa = PBXBuildFile; fileRef = D2D84B5F1C67CA5000B1A829 /* QuartzCore.framework */; };
		D2D84B661C67CA5000B1A829 /* Security.framework in Frameworks */ = {isa = PBXBuildFile; fileRef = D2D84B601C67CA5000B1A829 /* Security.framework */; };
		D2D84B671C67CA5000B1A829 /* StoreKit.framework in Frameworks */ = {isa = PBXBuildFile; fileRef = D2D84B611C67CA5000B1A829 /* StoreKit.framework */; };
		D2D84B681C67CA5000B1A829 /* SystemConfiguration.framework in Frameworks */ = {isa = PBXBuildFile; fileRef = D2D84B621C67CA5000B1A829 /* SystemConfiguration.framework */; };
		E023470F1B677CD3004F2DBE /* AppDelegate.swift in Sources */ = {isa = PBXBuildFile; fileRef = E023470E1B677CD3004F2DBE /* AppDelegate.swift */; };
		E02347141B677CD3004F2DBE /* Main.storyboard in Resources */ = {isa = PBXBuildFile; fileRef = E02347121B677CD3004F2DBE /* Main.storyboard */; };
		E02347161B677CD3004F2DBE /* Images.xcassets in Resources */ = {isa = PBXBuildFile; fileRef = E02347151B677CD3004F2DBE /* Images.xcassets */; };
		E02347191B677CD3004F2DBE /* LaunchScreen.xib in Resources */ = {isa = PBXBuildFile; fileRef = E02347171B677CD3004F2DBE /* LaunchScreen.xib */; };
		E02347251B677CD3004F2DBE /* ParseDemoTests.swift in Sources */ = {isa = PBXBuildFile; fileRef = E02347241B677CD3004F2DBE /* ParseDemoTests.swift */; };
		E02347541B6A50F6004F2DBE /* SignUpViewController.swift in Sources */ = {isa = PBXBuildFile; fileRef = E02347531B6A50F6004F2DBE /* SignUpViewController.swift */; };
		E02347581B6BE242004F2DBE /* ResetPasswordViewController.swift in Sources */ = {isa = PBXBuildFile; fileRef = E02347571B6BE242004F2DBE /* ResetPasswordViewController.swift */; };
		E023475E1B6BE32A004F2DBE /* HomeViewController.swift in Sources */ = {isa = PBXBuildFile; fileRef = E023475D1B6BE32A004F2DBE /* HomeViewController.swift */; };
		E02347601B6BE423004F2DBE /* LoginViewController.swift in Sources */ = {isa = PBXBuildFile; fileRef = E023475F1B6BE423004F2DBE /* LoginViewController.swift */; };
/* End PBXBuildFile section */

/* Begin PBXContainerItemProxy section */
		E023471F1B677CD3004F2DBE /* PBXContainerItemProxy */ = {
			isa = PBXContainerItemProxy;
			containerPortal = E02347011B677CD3004F2DBE /* Project object */;
			proxyType = 1;
			remoteGlobalIDString = E02347081B677CD3004F2DBE;
			remoteInfo = ParseDemo;
		};
/* End PBXContainerItemProxy section */

/* Begin PBXFileReference section */
		D2D84B511C67C99600B1A829 /* Parse.framework */ = {isa = PBXFileReference; lastKnownFileType = wrapper.framework; path = Parse.framework; sourceTree = "<group>"; };
		D2D84B541C67C9A000B1A829 /* Bolts.framework */ = {isa = PBXFileReference; lastKnownFileType = wrapper.framework; path = Bolts.framework; sourceTree = "<group>"; };
		D2D84B571C67CA0600B1A829 /* AudioToolbox.framework */ = {isa = PBXFileReference; lastKnownFileType = wrapper.framework; name = AudioToolbox.framework; path = System/Library/Frameworks/AudioToolbox.framework; sourceTree = SDKROOT; };
		D2D84B591C67CA1600B1A829 /* CFNetwork.framework */ = {isa = PBXFileReference; lastKnownFileType = wrapper.framework; name = CFNetwork.framework; path = System/Library/Frameworks/CFNetwork.framework; sourceTree = SDKROOT; };
		D2D84B5B1C67CA2200B1A829 /* CoreGraphics.framework */ = {isa = PBXFileReference; lastKnownFileType = wrapper.framework; name = CoreGraphics.framework; path = System/Library/Frameworks/CoreGraphics.framework; sourceTree = SDKROOT; };
		D2D84B5D1C67CA5000B1A829 /* libsqlite3.tbd */ = {isa = PBXFileReference; lastKnownFileType = "sourcecode.text-based-dylib-definition"; name = libsqlite3.tbd; path = usr/lib/libsqlite3.tbd; sourceTree = SDKROOT; };
		D2D84B5E1C67CA5000B1A829 /* libz.tbd */ = {isa = PBXFileReference; lastKnownFileType = "sourcecode.text-based-dylib-definition"; name = libz.tbd; path = usr/lib/libz.tbd; sourceTree = SDKROOT; };
		D2D84B5F1C67CA5000B1A829 /* QuartzCore.framework */ = {isa = PBXFileReference; lastKnownFileType = wrapper.framework; name = QuartzCore.framework; path = System/Library/Frameworks/QuartzCore.framework; sourceTree = SDKROOT; };
		D2D84B601C67CA5000B1A829 /* Security.framework */ = {isa = PBXFileReference; lastKnownFileType = wrapper.framework; name = Security.framework; path = System/Library/Frameworks/Security.framework; sourceTree = SDKROOT; };
		D2D84B611C67CA5000B1A829 /* StoreKit.framework */ = {isa = PBXFileReference; lastKnownFileType = wrapper.framework; name = StoreKit.framework; path = System/Library/Frameworks/StoreKit.framework; sourceTree = SDKROOT; };
		D2D84B621C67CA5000B1A829 /* SystemConfiguration.framework */ = {isa = PBXFileReference; lastKnownFileType = wrapper.framework; name = SystemConfiguration.framework; path = System/Library/Frameworks/SystemConfiguration.framework; sourceTree = SDKROOT; };
		E02347091B677CD3004F2DBE /* ParseDemo.app */ = {isa = PBXFileReference; explicitFileType = wrapper.application; includeInIndex = 0; path = ParseDemo.app; sourceTree = BUILT_PRODUCTS_DIR; };
		E023470D1B677CD3004F2DBE /* Info.plist */ = {isa = PBXFileReference; lastKnownFileType = text.plist.xml; path = Info.plist; sourceTree = "<group>"; };
		E023470E1B677CD3004F2DBE /* AppDelegate.swift */ = {isa = PBXFileReference; lastKnownFileType = sourcecode.swift; path = AppDelegate.swift; sourceTree = "<group>"; };
		E02347131B677CD3004F2DBE /* Base */ = {isa = PBXFileReference; lastKnownFileType = file.storyboard; name = Base; path = Base.lproj/Main.storyboard; sourceTree = "<group>"; };
		E02347151B677CD3004F2DBE /* Images.xcassets */ = {isa = PBXFileReference; lastKnownFileType = folder.assetcatalog; path = Images.xcassets; sourceTree = "<group>"; };
		E02347181B677CD3004F2DBE /* Base */ = {isa = PBXFileReference; lastKnownFileType = file.xib; name = Base; path = Base.lproj/LaunchScreen.xib; sourceTree = "<group>"; };
		E023471E1B677CD3004F2DBE /* ParseDemoTests.xctest */ = {isa = PBXFileReference; explicitFileType = wrapper.cfbundle; includeInIndex = 0; path = ParseDemoTests.xctest; sourceTree = BUILT_PRODUCTS_DIR; };
		E02347231B677CD3004F2DBE /* Info.plist */ = {isa = PBXFileReference; lastKnownFileType = text.plist.xml; path = Info.plist; sourceTree = "<group>"; };
		E02347241B677CD3004F2DBE /* ParseDemoTests.swift */ = {isa = PBXFileReference; lastKnownFileType = sourcecode.swift; path = ParseDemoTests.swift; sourceTree = "<group>"; };
		E02347531B6A50F6004F2DBE /* SignUpViewController.swift */ = {isa = PBXFileReference; fileEncoding = 4; lastKnownFileType = sourcecode.swift; path = SignUpViewController.swift; sourceTree = "<group>"; };
		E02347571B6BE242004F2DBE /* ResetPasswordViewController.swift */ = {isa = PBXFileReference; fileEncoding = 4; lastKnownFileType = sourcecode.swift; path = ResetPasswordViewController.swift; sourceTree = "<group>"; };
		E023475D1B6BE32A004F2DBE /* HomeViewController.swift */ = {isa = PBXFileReference; fileEncoding = 4; lastKnownFileType = sourcecode.swift; path = HomeViewController.swift; sourceTree = "<group>"; };
		E023475F1B6BE423004F2DBE /* LoginViewController.swift */ = {isa = PBXFileReference; fileEncoding = 4; lastKnownFileType = sourcecode.swift; path = LoginViewController.swift; sourceTree = "<group>"; };
/* End PBXFileReference section */

/* Begin PBXFrameworksBuildPhase section */
		E02347061B677CD3004F2DBE /* Frameworks */ = {
			isa = PBXFrameworksBuildPhase;
			buildActionMask = 2147483647;
			files = (
				D2D84B631C67CA5000B1A829 /* libsqlite3.tbd in Frameworks */,
				D2D84B641C67CA5000B1A829 /* libz.tbd in Frameworks */,
				D2D84B651C67CA5000B1A829 /* QuartzCore.framework in Frameworks */,
				D2D84B661C67CA5000B1A829 /* Security.framework in Frameworks */,
				D2D84B671C67CA5000B1A829 /* StoreKit.framework in Frameworks */,
				D2D84B681C67CA5000B1A829 /* SystemConfiguration.framework in Frameworks */,
				D2D84B5C1C67CA2200B1A829 /* CoreGraphics.framework in Frameworks */,
				D2D84B5A1C67CA1600B1A829 /* CFNetwork.framework in Frameworks */,
				D2D84B581C67CA0600B1A829 /* AudioToolbox.framework in Frameworks */,
				D2D84B521C67C99600B1A829 /* Parse.framework in Frameworks */,
				D2D84B551C67C9A000B1A829 /* Bolts.framework in Frameworks */,
			);
			runOnlyForDeploymentPostprocessing = 0;
		};
		E023471B1B677CD3004F2DBE /* Frameworks */ = {
			isa = PBXFrameworksBuildPhase;
			buildActionMask = 2147483647;
			files = (
				D2D84B531C67C99600B1A829 /* Parse.framework in Frameworks */,
				D2D84B561C67C9A000B1A829 /* Bolts.framework in Frameworks */,
			);
			runOnlyForDeploymentPostprocessing = 0;
		};
/* End PBXFrameworksBuildPhase section */

/* Begin PBXGroup section */
		E02347001B677CD3004F2DBE = {
			isa = PBXGroup;
			children = (
				E023472E1B679009004F2DBE /* Frameworks */,
				E023470B1B677CD3004F2DBE /* ParseDemo */,
				E02347211B677CD3004F2DBE /* ParseDemoTests */,
				E023470A1B677CD3004F2DBE /* Products */,
			);
			sourceTree = "<group>";
		};
		E023470A1B677CD3004F2DBE /* Products */ = {
			isa = PBXGroup;
			children = (
				E02347091B677CD3004F2DBE /* ParseDemo.app */,
				E023471E1B677CD3004F2DBE /* ParseDemoTests.xctest */,
			);
			name = Products;
			sourceTree = "<group>";
		};
		E023470B1B677CD3004F2DBE /* ParseDemo */ = {
			isa = PBXGroup;
			children = (
				E023470E1B677CD3004F2DBE /* AppDelegate.swift */,
				E02347121B677CD3004F2DBE /* Main.storyboard */,
				E023475F1B6BE423004F2DBE /* LoginViewController.swift */,
				E023475D1B6BE32A004F2DBE /* HomeViewController.swift */,
				E02347531B6A50F6004F2DBE /* SignUpViewController.swift */,
				E02347571B6BE242004F2DBE /* ResetPasswordViewController.swift */,
				E02347151B677CD3004F2DBE /* Images.xcassets */,
				E02347171B677CD3004F2DBE /* LaunchScreen.xib */,
				E023470C1B677CD3004F2DBE /* Supporting Files */,
			);
			path = ParseDemo;
			sourceTree = "<group>";
		};
		E023470C1B677CD3004F2DBE /* Supporting Files */ = {
			isa = PBXGroup;
			children = (
				E023470D1B677CD3004F2DBE /* Info.plist */,
			);
			name = "Supporting Files";
			sourceTree = "<group>";
		};
		E02347211B677CD3004F2DBE /* ParseDemoTests */ = {
			isa = PBXGroup;
			children = (
				E02347241B677CD3004F2DBE /* ParseDemoTests.swift */,
				E02347221B677CD3004F2DBE /* Supporting Files */,
			);
			path = ParseDemoTests;
			sourceTree = "<group>";
		};
		E02347221B677CD3004F2DBE /* Supporting Files */ = {
			isa = PBXGroup;
			children = (
				E02347231B677CD3004F2DBE /* Info.plist */,
			);
			name = "Supporting Files";
			sourceTree = "<group>";
		};
		E023472E1B679009004F2DBE /* Frameworks */ = {
			isa = PBXGroup;
			children = (
				D2D84B5D1C67CA5000B1A829 /* libsqlite3.tbd */,
				D2D84B5E1C67CA5000B1A829 /* libz.tbd */,
				D2D84B5F1C67CA5000B1A829 /* QuartzCore.framework */,
				D2D84B601C67CA5000B1A829 /* Security.framework */,
				D2D84B611C67CA5000B1A829 /* StoreKit.framework */,
				D2D84B621C67CA5000B1A829 /* SystemConfiguration.framework */,
				D2D84B5B1C67CA2200B1A829 /* CoreGraphics.framework */,
				D2D84B591C67CA1600B1A829 /* CFNetwork.framework */,
				D2D84B571C67CA0600B1A829 /* AudioToolbox.framework */,
				D2D84B541C67C9A000B1A829 /* Bolts.framework */,
				D2D84B511C67C99600B1A829 /* Parse.framework */,
			);
			name = Frameworks;
			sourceTree = "<group>";
		};
/* End PBXGroup section */

/* Begin PBXNativeTarget section */
		E02347081B677CD3004F2DBE /* ParseDemo */ = {
			isa = PBXNativeTarget;
			buildConfigurationList = E02347281B677CD3004F2DBE /* Build configuration list for PBXNativeTarget "ParseDemo" */;
			buildPhases = (
				E02347051B677CD3004F2DBE /* Sources */,
				E02347061B677CD3004F2DBE /* Frameworks */,
				E02347071B677CD3004F2DBE /* Resources */,
			);
			buildRules = (
			);
			dependencies = (
			);
			name = ParseDemo;
			productName = ParseDemo;
			productReference = E02347091B677CD3004F2DBE /* ParseDemo.app */;
			productType = "com.apple.product-type.application";
		};
		E023471D1B677CD3004F2DBE /* ParseDemoTests */ = {
			isa = PBXNativeTarget;
			buildConfigurationList = E023472B1B677CD3004F2DBE /* Build configuration list for PBXNativeTarget "ParseDemoTests" */;
			buildPhases = (
				E023471A1B677CD3004F2DBE /* Sources */,
				E023471B1B677CD3004F2DBE /* Frameworks */,
				E023471C1B677CD3004F2DBE /* Resources */,
			);
			buildRules = (
			);
			dependencies = (
				E02347201B677CD3004F2DBE /* PBXTargetDependency */,
			);
			name = ParseDemoTests;
			productName = ParseDemoTests;
			productReference = E023471E1B677CD3004F2DBE /* ParseDemoTests.xctest */;
			productType = "com.apple.product-type.bundle.unit-test";
		};
/* End PBXNativeTarget section */

/* Begin PBXProject section */
		E02347011B677CD3004F2DBE /* Project object */ = {
			isa = PBXProject;
			attributes = {
				LastSwiftUpdateCheck = 0720;
				LastUpgradeCheck = 0640;
				ORGANIZATIONNAME = abearablecode;
				TargetAttributes = {
					E02347081B677CD3004F2DBE = {
						CreatedOnToolsVersion = 6.4;
					};
					E023471D1B677CD3004F2DBE = {
						CreatedOnToolsVersion = 6.4;
						TestTargetID = E02347081B677CD3004F2DBE;
					};
				};
			};
			buildConfigurationList = E02347041B677CD3004F2DBE /* Build configuration list for PBXProject "ParseDemo" */;
			compatibilityVersion = "Xcode 3.2";
			developmentRegion = English;
			hasScannedForEncodings = 0;
			knownRegions = (
				en,
				Base,
			);
			mainGroup = E02347001B677CD3004F2DBE;
			productRefGroup = E023470A1B677CD3004F2DBE /* Products */;
			projectDirPath = "";
			projectRoot = "";
			targets = (
				E02347081B677CD3004F2DBE /* ParseDemo */,
				E023471D1B677CD3004F2DBE /* ParseDemoTests */,
			);
		};
/* End PBXProject section */

/* Begin PBXResourcesBuildPhase section */
		E02347071B677CD3004F2DBE /* Resources */ = {
			isa = PBXResourcesBuildPhase;
			buildActionMask = 2147483647;
			files = (
				E02347141B677CD3004F2DBE /* Main.storyboard in Resources */,
				E02347191B677CD3004F2DBE /* LaunchScreen.xib in Resources */,
				E02347161B677CD3004F2DBE /* Images.xcassets in Resources */,
			);
			runOnlyForDeploymentPostprocessing = 0;
		};
		E023471C1B677CD3004F2DBE /* Resources */ = {
			isa = PBXResourcesBuildPhase;
			buildActionMask = 2147483647;
			files = (
			);
			runOnlyForDeploymentPostprocessing = 0;
		};
/* End PBXResourcesBuildPhase section */

/* Begin PBXSourcesBuildPhase section */
		E02347051B677CD3004F2DBE /* Sources */ = {
			isa = PBXSourcesBuildPhase;
			buildActionMask = 2147483647;
			files = (
				E02347601B6BE423004F2DBE /* LoginViewController.swift in Sources */,
				E02347581B6BE242004F2DBE /* ResetPasswordViewController.swift in Sources */,
				E02347541B6A50F6004F2DBE /* SignUpViewController.swift in Sources */,
				E023470F1B677CD3004F2DBE /* AppDelegate.swift in Sources */,
				E023475E1B6BE32A004F2DBE /* HomeViewController.swift in Sources */,
			);
			runOnlyForDeploymentPostprocessing = 0;
		};
		E023471A1B677CD3004F2DBE /* Sources */ = {
			isa = PBXSourcesBuildPhase;
			buildActionMask = 2147483647;
			files = (
				E02347251B677CD3004F2DBE /* ParseDemoTests.swift in Sources */,
			);
			runOnlyForDeploymentPostprocessing = 0;
		};
/* End PBXSourcesBuildPhase section */

/* Begin PBXTargetDependency section */
		E02347201B677CD3004F2DBE /* PBXTargetDependency */ = {
			isa = PBXTargetDependency;
			target = E02347081B677CD3004F2DBE /* ParseDemo */;
			targetProxy = E023471F1B677CD3004F2DBE /* PBXContainerItemProxy */;
		};
/* End PBXTargetDependency section */

/* Begin PBXVariantGroup section */
		E02347121B677CD3004F2DBE /* Main.storyboard */ = {
			isa = PBXVariantGroup;
			children = (
				E02347131B677CD3004F2DBE /* Base */,
			);
			name = Main.storyboard;
			sourceTree = "<group>";
		};
		E02347171B677CD3004F2DBE /* LaunchScreen.xib */ = {
			isa = PBXVariantGroup;
			children = (
				E02347181B677CD3004F2DBE /* Base */,
			);
			name = LaunchScreen.xib;
			sourceTree = "<group>";
		};
/* End PBXVariantGroup section */

/* Begin XCBuildConfiguration section */
		E02347261B677CD3004F2DBE /* Debug */ = {
			isa = XCBuildConfiguration;
			buildSettings = {
				ALWAYS_SEARCH_USER_PATHS = NO;
				CLANG_CXX_LANGUAGE_STANDARD = "gnu++0x";
				CLANG_CXX_LIBRARY = "libc++";
				CLANG_ENABLE_MODULES = YES;
				CLANG_ENABLE_OBJC_ARC = YES;
				CLANG_WARN_BOOL_CONVERSION = YES;
				CLANG_WARN_CONSTANT_CONVERSION = YES;
				CLANG_WARN_DIRECT_OBJC_ISA_USAGE = YES_ERROR;
				CLANG_WARN_EMPTY_BODY = YES;
				CLANG_WARN_ENUM_CONVERSION = YES;
				CLANG_WARN_INT_CONVERSION = YES;
				CLANG_WARN_OBJC_ROOT_CLASS = YES_ERROR;
				CLANG_WARN_UNREACHABLE_CODE = YES;
				CLANG_WARN__DUPLICATE_METHOD_MATCH = YES;
				"CODE_SIGN_IDENTITY[sdk=iphoneos*]" = "iPhone Developer";
				COPY_PHASE_STRIP = NO;
				DEBUG_INFORMATION_FORMAT = "dwarf-with-dsym";
				ENABLE_STRICT_OBJC_MSGSEND = YES;
				GCC_C_LANGUAGE_STANDARD = gnu99;
				GCC_DYNAMIC_NO_PIC = NO;
				GCC_NO_COMMON_BLOCKS = YES;
				GCC_OPTIMIZATION_LEVEL = 0;
				GCC_PREPROCESSOR_DEFINITIONS = (
					"DEBUG=1",
					"$(inherited)",
				);
				GCC_SYMBOLS_PRIVATE_EXTERN = NO;
				GCC_WARN_64_TO_32_BIT_CONVERSION = YES;
				GCC_WARN_ABOUT_RETURN_TYPE = YES_ERROR;
				GCC_WARN_UNDECLARED_SELECTOR = YES;
				GCC_WARN_UNINITIALIZED_AUTOS = YES_AGGRESSIVE;
				GCC_WARN_UNUSED_FUNCTION = YES;
				GCC_WARN_UNUSED_VARIABLE = YES;
				IPHONEOS_DEPLOYMENT_TARGET = 8.4;
				MTL_ENABLE_DEBUG_INFO = YES;
				ONLY_ACTIVE_ARCH = YES;
				SDKROOT = iphoneos;
				SWIFT_OPTIMIZATION_LEVEL = "-Onone";
			};
			name = Debug;
		};
		E02347271B677CD3004F2DBE /* Release */ = {
			isa = XCBuildConfiguration;
			buildSettings = {
				ALWAYS_SEARCH_USER_PATHS = NO;
				CLANG_CXX_LANGUAGE_STANDARD = "gnu++0x";
				CLANG_CXX_LIBRARY = "libc++";
				CLANG_ENABLE_MODULES = YES;
				CLANG_ENABLE_OBJC_ARC = YES;
				CLANG_WARN_BOOL_CONVERSION = YES;
				CLANG_WARN_CONSTANT_CONVERSION = YES;
				CLANG_WARN_DIRECT_OBJC_ISA_USAGE = YES_ERROR;
				CLANG_WARN_EMPTY_BODY = YES;
				CLANG_WARN_ENUM_CONVERSION = YES;
				CLANG_WARN_INT_CONVERSION = YES;
				CLANG_WARN_OBJC_ROOT_CLASS = YES_ERROR;
				CLANG_WARN_UNREACHABLE_CODE = YES;
				CLANG_WARN__DUPLICATE_METHOD_MATCH = YES;
				"CODE_SIGN_IDENTITY[sdk=iphoneos*]" = "iPhone Developer";
				COPY_PHASE_STRIP = NO;
				DEBUG_INFORMATION_FORMAT = "dwarf-with-dsym";
				ENABLE_NS_ASSERTIONS = NO;
				ENABLE_STRICT_OBJC_MSGSEND = YES;
				GCC_C_LANGUAGE_STANDARD = gnu99;
				GCC_NO_COMMON_BLOCKS = YES;
				GCC_WARN_64_TO_32_BIT_CONVERSION = YES;
				GCC_WARN_ABOUT_RETURN_TYPE = YES_ERROR;
				GCC_WARN_UNDECLARED_SELECTOR = YES;
				GCC_WARN_UNINITIALIZED_AUTOS = YES_AGGRESSIVE;
				GCC_WARN_UNUSED_FUNCTION = YES;
				GCC_WARN_UNUSED_VARIABLE = YES;
				IPHONEOS_DEPLOYMENT_TARGET = 8.4;
				MTL_ENABLE_DEBUG_INFO = NO;
				SDKROOT = iphoneos;
				VALIDATE_PRODUCT = YES;
			};
			name = Release;
		};
		E02347291B677CD3004F2DBE /* Debug */ = {
			isa = XCBuildConfiguration;
			buildSettings = {
				ASSETCATALOG_COMPILER_APPICON_NAME = AppIcon;
				FRAMEWORK_SEARCH_PATHS = (
					"$(inherited)",
					"$(PROJECT_DIR)",
				);
				INFOPLIST_FILE = ParseDemo/Info.plist;
				LD_RUNPATH_SEARCH_PATHS = "$(inherited) @executable_path/Frameworks";
				PRODUCT_BUNDLE_IDENTIFIER = com.micklestudios.knowell;
				PRODUCT_NAME = "$(TARGET_NAME)";
			};
			name = Debug;
		};
		E023472A1B677CD3004F2DBE /* Release */ = {
			isa = XCBuildConfiguration;
			buildSettings = {
				ASSETCATALOG_COMPILER_APPICON_NAME = AppIcon;
				FRAMEWORK_SEARCH_PATHS = (
					"$(inherited)",
					"$(PROJECT_DIR)",
				);
				INFOPLIST_FILE = ParseDemo/Info.plist;
				LD_RUNPATH_SEARCH_PATHS = "$(inherited) @executable_path/Frameworks";
				PRODUCT_BUNDLE_IDENTIFIER = com.micklestudios.knowell;
				PRODUCT_NAME = "$(TARGET_NAME)";
			};
			name = Release;
		};
		E023472C1B677CD3004F2DBE /* Debug */ = {
			isa = XCBuildConfiguration;
			buildSettings = {
				BUNDLE_LOADER = "$(TEST_HOST)";
				FRAMEWORK_SEARCH_PATHS = (
					"$(SDKROOT)/Developer/Library/Frameworks",
					"$(inherited)",
					"$(PROJECT_DIR)",
				);
				GCC_PREPROCESSOR_DEFINITIONS = (
					"DEBUG=1",
					"$(inherited)",
				);
				INFOPLIST_FILE = ParseDemoTests/Info.plist;
				LD_RUNPATH_SEARCH_PATHS = "$(inherited) @executable_path/Frameworks @loader_path/Frameworks";
				PRODUCT_NAME = "$(TARGET_NAME)";
				TEST_HOST = "$(BUILT_PRODUCTS_DIR)/ParseDemo.app/ParseDemo";
			};
			name = Debug;
		};
		E023472D1B677CD3004F2DBE /* Release */ = {
			isa = XCBuildConfiguration;
			buildSettings = {
				BUNDLE_LOADER = "$(TEST_HOST)";
				FRAMEWORK_SEARCH_PATHS = (
					"$(SDKROOT)/Developer/Library/Frameworks",
					"$(inherited)",
					"$(PROJECT_DIR)",
				);
				INFOPLIST_FILE = ParseDemoTests/Info.plist;
				LD_RUNPATH_SEARCH_PATHS = "$(inherited) @executable_path/Frameworks @loader_path/Frameworks";
				PRODUCT_NAME = "$(TARGET_NAME)";
				TEST_HOST = "$(BUILT_PRODUCTS_DIR)/ParseDemo.app/ParseDemo";
			};
			name = Release;
		};
/* End XCBuildConfiguration section */

/* Begin XCConfigurationList section */
		E02347041B677CD3004F2DBE /* Build configuration list for PBXProject "ParseDemo" */ = {
			isa = XCConfigurationList;
			buildConfigurations = (
				E02347261B677CD3004F2DBE /* Debug */,
				E02347271B677CD3004F2DBE /* Release */,
			);
			defaultConfigurationIsVisible = 0;
			defaultConfigurationName = Release;
		};
		E02347281B677CD3004F2DBE /* Build configuration list for PBXNativeTarget "ParseDemo" */ = {
			isa = XCConfigurationList;
			buildConfigurations = (
				E02347291B677CD3004F2DBE /* Debug */,
				E023472A1B677CD3004F2DBE /* Release */,
			);
			defaultConfigurationIsVisible = 0;
			defaultConfigurationName = Release;
		};
		E023472B1B677CD3004F2DBE /* Build configuration list for PBXNativeTarget "ParseDemoTests" */ = {
			isa = XCConfigurationList;
			buildConfigurations = (
				E023472C1B677CD3004F2DBE /* Debug */,
				E023472D1B677CD3004F2DBE /* Release */,
			);
			defaultConfigurationIsVisible = 0;
			defaultConfigurationName = Release;
		};
/* End XCConfigurationList section */
	};
	rootObject = E02347011B677CD3004F2DBE /* Project object */;
}
